shflags ${BLOCK_PATH}/shflags git@github.com:defn/shflags 9d935f072447f0fb9834fb97e32935b637bdb435 master
sub ${BLOCK_PATH}/sub git@github.com:defn/sub 6df93869065377dccc54642621d58cd126d73c56 master
runmany ${BLOCK_PATH}/runmany git@github.com:defn/runmany 8653891591e9093638995de22b66f5ce6e1351b4 master
block ${BLOCK_PATH}/block git@github.com:defn/block 26b71dcee557d9ff55cd52a5a21aa0a73c602f3c master
defn-config ${BLOCK_PATH}/defn-config git@github.com:defn/defn-config 91d557b58a53b3977e2f41ae838d115bcc12374c master
cache ${BLOCK_PATH}/cache git@github.com:defn/cache 388910c3e0a0a770c52d48524c9da1d0b2b4e95f master
scripts-to-rule-them-all ${BLOCK_PATH}/scripts-to-rule-them-all git@github.com:defn/scripts-to-rule-them-all 7f5e884d6f7f225ae2a5829fed1d514ae82c5476 master
block-shortcuts ${BLOCK_PATH}/block-shortcuts git@github.com:defn/block-shortcuts cee2fe14e646dd9ea2638a4c7bfd9ded73e84b28 master
board ${BLOCK_PATH}/board git@github.com:defn/board 8b542d7cc54bd274b58da4accb3648d2083e1100 master
kit ${BLOCK_PATH}/kit git@github.com:defn/kit a8f27903101e6f6c667ced10d99bc8b8d05f5433 master
pkgsrc ${BLOCK_PATH}/pkgsrc git@github.com:defn/pkgsrc e8a347aff7e8103388c0d98b4a420256145349f2 master
runit ${BLOCK_PATH}/runit git@github.com:defn/runit 57a60d599c81659bb82bcf2af2c074a9d89fdb2d master
curl ${BLOCK_PATH}/curl git@github.com:defn/curl 9409557e5e2ee0516509ccc312831cb7197ca1cb master
java ${BLOCK_PATH}/java git@github.com:defn/java 7c879436fea62d36c95b4779ce8780eb69fd7bf4 master
build-essential ${BLOCK_PATH}/build-essential git@github.com:defn/build-essential 8aac30f57df1270630ebacdb97f6b61570de818b master
rbenv ${BLOCK_PATH}/rbenv git@github.com:defn/rbenv 5221a20a4e81b27fb3fa2b0f7efb95972f623f03 master
ruby ${BLOCK_PATH}/ruby git@github.com:defn/ruby 67d97151cb3b22ee22aa4b460ce067b72b65f0dc master
node ${BLOCK_PATH}/node git@github.com:defn/node 0567335c574cdf61af4e0e6c043d181db9f5155b master
xcode ${BLOCK_PATH}/xcode git@github.com:defn/xcode 7c76b8252095a7c7002aeb2ad264cb5e4a22cb05 master
tunnelblick ${BLOCK_PATH}/tunnelblick git@github.com:defn/tunnelblick bfee8838750055c3e78d9d52424548be1b38d307 master
cue ${BLOCK_PATH}/cue git@github.com:defn/cue 50885f087daba21069b9715017b15a8503c51bc5 master
junas ${BLOCK_PATH}/junas git@github.com:defn/junas bdd633121a554398d01497babd4c81cf1804e7c9 master
defn ${BLOCK_PATH}/defn git@github.com:defn/defn 600b1e8b432f54810b0c2706b2569b36c0cb864c master
deploy ${BLOCK_PATH}/deploy git@github.com:defn/deploy 8d54362210948316fcf68bc20029f7050c7557de master
context ${BLOCK_PATH}/context git@github.com:defn/context 3334b465a0484f217403c77c23b3517d4ea7b30f master
homebrew ${BLOCK_PATH}/homebrew git@github.com:defn/homebrew 312f151b0df1be020a32eea7978ad507b400e0b9 master
htop ${BLOCK_PATH}/htop git@github.com:defn/htop d96e4e0158858dcb446d58be0a383376cbb0fb9e master
go ${BLOCK_PATH}/go git@github.com:defn/go 1474f3afbe5e47572c9c6e06b5876eeca9b3e1bb master
minimal-block ${BLOCK_PATH}/minimal-block git@github.com:defn/minimal-block a60e4524d261ae7209b95823cce02342be7efb6b master
minimal-app ${BLOCK_PATH}/minimal-app git@github.com:defn/minimal-app 0cdd6b902c48bd3ad436a2fb21c1e09b30fc0514 master
github ${BLOCK_PATH}/github git@github.com:defn/github 275b9978059ab5cd505c53e2a16faae7356c9049 master
jq ${BLOCK_PATH}/jq git@github.com:defn/jq 587a98237536d3e1d411efa693637b17e6eae959 master
python ${BLOCK_PATH}/python git@github.com:defn/python 7026b2d089ca8ef4506199666be23c8ad1830fe2 master
ansible ${BLOCK_PATH}/ansible git@github.com:defn/ansible 3b83a35eeb5a1155031e4b89f4f0163c34aa9bbb master
chef ${BLOCK_PATH}/chef git@github.com:defn/chef 9c51cc47642a14fca280df44f92a84011f698215 master
facts ${BLOCK_PATH}/facts git@github.com:defn/facts 5ed2c0aaa25dcf29a3e5a6aa77192a79de14a42d master
docs ${BLOCK_PATH}/docs git@github.com:defn/docs 56f423889b2db50df6884f31d2171047193b944a master
bash4 ${BLOCK_PATH}/bash4 git@github.com:defn/bash4 b1ea540729c3b0e7d03eff1d0addb09244e616d0 master
parity ${BLOCK_PATH}/parity git@github.com:defn/parity 1410f4ededdb665d399a11639a63509ef00ad387 master
aws ${BLOCK_PATH}/aws git@github.com:defn/aws 182143906b81f4ad8c61b7e0cde3f966ea5f9bf6 master
azure ${BLOCK_PATH}/azure git@github.com:defn/azure 5c5c14bc7d73935cc7c4e72f5a982d809e750185 master
packet ${BLOCK_PATH}/packet git@github.com:defn/packet f0e96237744cc087e3a673bc0ca6266debf8c1a5 master
cloud ${BLOCK_PATH}/cloud git@github.com:defn/cloud 2cc0ec3643531352931d017944d02f05348e47b5 master
squid ${BLOCK_PATH}/squid git@github.com:defn/squid f039364eacb96cbb36fed45f936d79b0b4a177e6 master
packagecloud ${BLOCK_PATH}/packagecloud git@github.com:defn/packagecloud e35b1a25f149dc63ae775ea480e6be18c764dbb0 master
buildkite ${BLOCK_PATH}/buildkite git@github.com:defn/buildkite b0186399e6651ded8e712bb63bad6f3cf99770ab master
sinopia ${BLOCK_PATH}/sinopia git@github.com:defn/sinopia fa9ca7cbaf9917206f37cd5bbb5c5ba5fbc8d2b9 master
artifacts ${BLOCK_PATH}/artifacts git@github.com:defn/artifacts 9f188acc643620a763b9bcb3d3e5aedd55731ca2 master
launch-config ${BLOCK_PATH}/launch-config git@github.com:defn/launch-config a00f0d1e8cc4f7f8eee9a95c3bf56d3306a058ed master
maven ${BLOCK_PATH}/maven git@github.com:defn/maven 0297f740c763eb916b116e00e5fb62612655291e master
cljs ${BLOCK_PATH}/cljs git@github.com:defn/cljs dfd198a2e8579bf34129a4fbbfffeb81481448b8 master
apt-mirror ${BLOCK_PATH}/apt-mirror git@github.com:defn/apt-mirror 645c65de75b072a0bd166f216eea71845a196eca master
virtualbox ${BLOCK_PATH}/virtualbox git@github.com:defn/virtualbox 8b220f5301744b5504fd8e51167e7658d643c747 master
docker-machine ${BLOCK_PATH}/docker-machine git@github.com:defn/docker-machine 3b33602a9e686e5388ea142a7cc7c25a79c0d61c master
docker-compose ${BLOCK_PATH}/docker-compose git@github.com:defn/docker-compose db1666d6b9187e8f94c2c1d61bb508aabdbc7f5d master
docker ${BLOCK_PATH}/docker git@github.com:defn/docker a003586d2d876a0932dd1171add465f94657fd7d master
packer ${BLOCK_PATH}/packer git@github.com:defn/packer de5e4baf56628c7b2cc76a327c1d3e7936dff825 master
vagrant ${BLOCK_PATH}/vagrant git@github.com:defn/vagrant 1efa7e4cf1ceb15f5d7b84aa7297cc473075435a master
basebox ${BLOCK_PATH}/basebox git@github.com:defn/basebox 97cbee9e0237d0363f80c7925282202059ae1ed7 master
basebox-ubuntu ${BLOCK_PATH}/basebox-ubuntu git@github.com:defn/basebox-ubuntu 58fffb9e7ed21c3ca51cbbdd1ed7bde91dec704f master
basebox-osx ${BLOCK_PATH}/basebox-osx git@github.com:defn/basebox-osx bf3d88b32d21db6114da9006c40bbe2df1df4e5d master
vagrant-shell ${BLOCK_PATH}/vagrant-shell git@github.com:defn/vagrant-shell 7fefa070c7390b488740e894141baf0a37dbfaac master
vagrant-limbo ${BLOCK_PATH}/vagrant-limbo git@github.com:defn/vagrant-limbo c8a09a4f0e9bac897a6c4909fb2fcab1e9b7e130 master
consul ${BLOCK_PATH}/consul git@github.com:defn/consul 3e68ffab242d5fdde8c1a14df9fdbec8017463ea master
vault ${BLOCK_PATH}/vault git@github.com:defn/vault 3716c30a1958fc4e1fa1602aba64f1c49db54622 master
openvpn ${BLOCK_PATH}/openvpn git@github.com:defn/openvpn df0486ba8bd21ffb090ce98427eab136074e5388 master
dnsmasq ${BLOCK_PATH}/dnsmasq git@github.com:defn/dnsmasq 856accee190837ede9f7965b2f9182b1c5eaa7c4 master
linkerd ${BLOCK_PATH}/linkerd git@github.com:defn/linkerd a5e05d8a4fc165df4274e4f81bf2889b1d339a4f master
limbo ${BLOCK_PATH}/limbo git@github.com:defn/limbo b4d23eae5ac6e4441d8ed5bf2c7ddbdd24381d00 master
inception ${BLOCK_PATH}/inception git@github.com:defn/inception 9ad074fa6466dbff5423d39db3d0e79a8b29244e master
rbtools ${BLOCK_PATH}/rbtools git@github.com:defn/rbtools f51165c4a52f20a99034896a102db5e1098e6949 master
leiningen ${BLOCK_PATH}/leiningen git@github.com:defn/leiningen 21bbd0a513dacd4c42b2996b00e5c48a51b6a591 master
poop ${BLOCK_PATH}/poop git@github.com:defn/poop 872217c6ed3fa30ff8c675e6a4484713b6b5910e master
postgresql ${BLOCK_PATH}/postgresql git@github.com:defn/postgresql 8206fa15fcaf0971950ad569397850fbfde71c5d master
erlang ${BLOCK_PATH}/erlang git@github.com:defn/erlang 211470aab5874ee063b2e8f3db8a9baf26dea120 master
elixir ${BLOCK_PATH}/elixir git@github.com:defn/elixir 1e8e9981afd2b9d473514d103504a666e255f5c8 master
phoenix ${BLOCK_PATH}/phoenix git@github.com:defn/phoenix 2ee34c62abc519cb5526c6467b4661b2765216ee master
letsencrypt ${BLOCK_PATH}/letsencrypt git@github.com:defn/letsencrypt 215b11bf5b25feb07771b6e6a2b7962dbbc295c7 master
lamda ${BLOCK_PATH}/lamda git@github.com:defn/lamda 80e7b0e146c44f0d92798fd774bffd275e0367da master
hugo ${BLOCK_PATH}/hugo git@github.com:defn/hugo e20e2293e07419e7b64cb78220034d0ceba345f6 master
it ${BLOCK_PATH}/it git@github.com:defn/it c1742e918b9dd727b3f7cb0e16cc4bd95cb04adf gh-pages
defn.github.io ${BLOCK_PATH}/defn.github.io git@github.com:defn/defn.github.io 51b3eddcc122c1b9460eb62b017588e1ce5fa5df master
scala ${BLOCK_PATH}/scala git@github.com:defn/scala 1a72414a26fe17f212d9784386e8d7b99072549b master
sbt ${BLOCK_PATH}/sbt git@github.com:defn/sbt 11a317421bb8cf3656ff13d505cead8f4be7d615 master
reviewboard ${BLOCK_PATH}/reviewboard git@github.com:defn/reviewboard e9a15dd22e708c2e1f185a7e6a7efed839d240dc master
isomorphic-clojurescript-reagent-node ${BLOCK_PATH}/isomorphic-clojurescript-reagent-node git@github.com:defn/isomorphic-clojurescript-reagent-node d6565fe03f5ff80e059c9387ef047759031d33c6 master
rust ${BLOCK_PATH}/rust git@github.com:defn/rust 21c536f2084f18f216b06d535815f23cfd6dd65a master
rethinkdb ${BLOCK_PATH}/rethinkdb git@github.com:defn/rethinkdb dd7f3e5dbcc2c89cff0da374e5916a89b9523867 master
iamdefn/lightning ${BLOCK_PATH}/lightning git@github.com:iamdefn/lightning bbb2b509df9f2968ca90d938bae733a51dc0a27c master
iamdefn/black ${BLOCK_PATH}/black git@github.com:iamdefn/black 499e6ee83351e4cc5dd19e1879af3b4e93055afe master
iamdefn/fire ${BLOCK_PATH}/fire git@github.com:iamdefn/fire 53718ed3017846b7692c3f7ad98068764db594c0 master
iamdefn/red ${BLOCK_PATH}/red git@github.com:iamdefn/red 3a9e04b6ba8993c358bb7e210b7d1dd85016df68 master
iamdefn/air ${BLOCK_PATH}/air git@github.com:iamdefn/air 9d8896cb5e6f37044f14c307f53f8238318ca1c4 master
iamdefn/green ${BLOCK_PATH}/green git@github.com:iamdefn/green fe62db22113bca017e00fc9a06eb45499fd18133 master
iamdefn/water ${BLOCK_PATH}/water git@github.com:iamdefn/water 8727672683874ea5ac12bb96dc7885c78e1f0db4 master
iamdefn/blue ${BLOCK_PATH}/blue git@github.com:iamdefn/blue 7d8160d304546b00e3c4dd255e3f563df899ffb5 master
iamdefn/earth ${BLOCK_PATH}/earth git@github.com:iamdefn/earth fdf7f6ea986d5d42322b4f2fc47216f3a661148a master
iamdefn/yellow ${BLOCK_PATH}/yellow git@github.com:iamdefn/yellow 172cdc634810f5fb3c22768f9635d2242581d621 master
iamdefn/voltron ${BLOCK_PATH}/voltron git@github.com:iamdefn/voltron 3e5c6394e7cfccfbc4c94203e1fb40585a8e8cfc master
webterm ${BLOCK_PATH}/webterm git@github.com:defn/webterm 507b4ec0afbd2fffee415757d03e1235a92dff59 master
terraform ${BLOCK_PATH}/terraform git@github.com:defn/terraform 96390a79d233f188429db6963f8f458504087a1f master
wtf ${BLOCK_PATH}/wtf git@github.com:defn/wtf dd8bccd9042707991df1688e63a2e3e34dc51ded master
fogg ${BLOCK_PATH}/fogg git@github.com:defn/fogg f0fc26d891ab7c08ffe7755cf6de5596adbf9e5c master
awesome ${BLOCK_PATH}/awesome git@github.com:defn/awesome a517c68af646ce31236d866fbbd18907a1af7a37 master
lock ${BLOCK_PATH}/lock git@github.com:defn/lock ceeeaf14c2c2a5ab5b0efe8ed333592b20332231 master
rundeck ${BLOCK_PATH}/rundeck git@github.com:defn/rundeck 7e511c5791d74e583d46fc49c7a7d18f5d6bfe4d master
module-aws-vpc ${BLOCK_PATH}/module-aws-vpc git@github.com:defn/module-aws-vpc 20afa57901ec3abf459f08823939bdc4aecd0bea master
module-aws-per_az ${BLOCK_PATH}/module-aws-per_az git@github.com:defn/module-aws-per_az 7519e4fadd80b5abe842c02e97ddbb7848f88088 master
module-aws-env ${BLOCK_PATH}/module-aws-env git@github.com:defn/module-aws-env ba16aad5a9ecbdda19c6e9b8e24ede9d4bee5d8f master
module-aws-service ${BLOCK_PATH}/module-aws-service git@github.com:defn/module-aws-service 60e4cc6c08bed5ccfd44808b3d103d20b44dda33 master
module-aws-app ${BLOCK_PATH}/module-aws-app git@github.com:defn/module-aws-app 1bba37fa17e9962db14d39488fcd8d0200adcc13 master
env-defn ${BLOCK_PATH}/env-defn git@github.com:defn/env-defn 77a11accc9978820092346c68da8f67ab043232e master
env-imma ${BLOCK_PATH}/env-imma git@github.com:defn/env-imma 05b7c972c03da3dd765c4ac039c4cd0d50898895 master
