shflags ${BLOCK_PATH}/shflags git@github.com:defn/shflags c4fd1b384a5be50d682edadc0b92995ede06dc2f master
sub ${BLOCK_PATH}/sub git@github.com:defn/sub 96f5b9b0df34cf0f14bc6e2ae8557d38ee66a4dd master
runmany ${BLOCK_PATH}/runmany git@github.com:defn/runmany 88b00bda81db72af99eb87aa603a3f1ba7874d2b master
block ${BLOCK_PATH}/block git@github.com:defn/block c307080e5d9e375cdfd5b2c434308c1d1a018014 master
defn-config ${BLOCK_PATH}/defn-config git@github.com:defn/defn-config f64fb8e4d5268796c7325b08869e4d5bb0beb1eb master
cache ${BLOCK_PATH}/cache git@github.com:defn/cache 00699cefebd43ed0055396096125575016275b04 master
pkgsrc ${BLOCK_PATH}/pkgsrc git@github.com:defn/pkgsrc 35c1eb1176236628855aff3caf61fdea3ae010d9 master
build-essential ${BLOCK_PATH}/build-essential git@github.com:defn/build-essential 4bfe14c7afd25fb77eb49e2c82a0d7ae7d676f3f master
python ${BLOCK_PATH}/python git@github.com:defn/python 866567c8bab099c1a95c54106adc62db20be8f39 master
docs ${BLOCK_PATH}/docs git@github.com:defn/docs e55f36cfb78c0da99eb8c73a6fa3fba024533822 master
scripts-to-rule-them-all ${BLOCK_PATH}/scripts-to-rule-them-all git@github.com:defn/scripts-to-rule-them-all a0772ebda9a3b6c8bf453670840b0580d87a7ec8 master
block-shortcuts ${BLOCK_PATH}/block-shortcuts git@github.com:defn/block-shortcuts 59a14673a90e0fc98d9b2c0ce468f7863f322d10 master
board ${BLOCK_PATH}/board git@github.com:defn/board 41b1050191293757580d30032e80dcc81d3bbdcf master
kit ${BLOCK_PATH}/kit git@github.com:defn/kit 01dc3217131a738362f7dd650b4c29ede87170e0 master
runit ${BLOCK_PATH}/runit git@github.com:defn/runit daea3c353e7107bf4674fd677cda5c3c3cda9d9c master
curl ${BLOCK_PATH}/curl git@github.com:defn/curl 063af495fde8b9af4f7c4b8cad88eb9a208dd6e1 master
java ${BLOCK_PATH}/java git@github.com:defn/java 9570e328a010d517d42eb7c6e4629d0840dd58ce master
rbenv ${BLOCK_PATH}/rbenv git@github.com:defn/rbenv 5b39bcdaa7823a667de4f847a7240f4146d0f256 master
ruby ${BLOCK_PATH}/ruby git@github.com:defn/ruby 33816654e16a75a7d2dc27ff88d8465d8bdd0466 master
node ${BLOCK_PATH}/node git@github.com:defn/node 7b2ed7244baa385633acbf7bc690e449c5c7fd80 master
xcode ${BLOCK_PATH}/xcode git@github.com:defn/xcode d65b91046c3a96f7cb8c112ca4479025979d609c master
tunnelblick ${BLOCK_PATH}/tunnelblick git@github.com:defn/tunnelblick a08b617fc2e2c62a33fc425956a0081f35ed9237 master
cue ${BLOCK_PATH}/cue git@github.com:defn/cue deffc36c64edf9e737ffacda301cfd4f00aa10fb master
junas ${BLOCK_PATH}/junas git@github.com:defn/junas b46d65b376b23e2109121500154579cfd76b6830 master
defn ${BLOCK_PATH}/defn git@github.com:defn/defn fce9622fc118a3ee4b36407d5df1077bae9b5572 master
deploy ${BLOCK_PATH}/deploy git@github.com:defn/deploy fc2f4d98c406a7ca1aae5f0f179de9d906aac271 master
context ${BLOCK_PATH}/context git@github.com:defn/context ac27ca1f20a7f3c7d1ed3a74ab123d78cbc9d75b master
homebrew ${BLOCK_PATH}/homebrew git@github.com:defn/homebrew 2edec82da0bc80f101325c81e454114ae1fc3990 master
htop ${BLOCK_PATH}/htop git@github.com:defn/htop 985bcb6ba776eab67df820f79ba24a271ead5ece master
git ${BLOCK_PATH}/git git@github.com:defn/git c0e04d7a376dedb902df65593b7027dd855fbd13 master
go ${BLOCK_PATH}/go git@github.com:defn/go 6fcc615be2ebc1f68f5c7b5647ed31b97bbc14be master
minimal-block ${BLOCK_PATH}/minimal-block git@github.com:defn/minimal-block 1eed5cdb9422879169dfd7a12f9aa17db657458f master
minimal-app ${BLOCK_PATH}/minimal-app git@github.com:defn/minimal-app 5d3aa2e73336771803fe53344d80a59afb229f75 master
github ${BLOCK_PATH}/github git@github.com:defn/github 7612bd88242a86697191e5db599a6567f73ddea8 master
jq ${BLOCK_PATH}/jq git@github.com:defn/jq e606f912a350bbba29c99d9f18b647d26eb5de41 master
ansible ${BLOCK_PATH}/ansible git@github.com:defn/ansible e3c78f166e457b42df25e0447bc2fed51a972ea9 master
chef ${BLOCK_PATH}/chef git@github.com:defn/chef cd9b6a6372c4f349806d62d3bb41435820164dce master
facts ${BLOCK_PATH}/facts git@github.com:defn/facts f4ed8e740bd3491ee9134685bcab929dd80d64f4 master
bash4 ${BLOCK_PATH}/bash4 git@github.com:defn/bash4 d6650342ac5a1ddd05d1a1c44658b34c5809d2b3 master
parity ${BLOCK_PATH}/parity git@github.com:defn/parity e82035fe1370d53c12730c29804b755b035763c1 master
aws ${BLOCK_PATH}/aws git@github.com:defn/aws bf28b2d783a3c0ae0d062e0353b14be69c759a96 master
azure ${BLOCK_PATH}/azure git@github.com:defn/azure 5c5c14bc7d73935cc7c4e72f5a982d809e750185 master
packet ${BLOCK_PATH}/packet git@github.com:defn/packet f0e96237744cc087e3a673bc0ca6266debf8c1a5 master
cloud ${BLOCK_PATH}/cloud git@github.com:defn/cloud 7c385d0452809484f0819b97b25d24edd3e87467 master
squid ${BLOCK_PATH}/squid git@github.com:defn/squid 865b91a479d0bbd4aea3640e51096f98e7ba33b9 master
packagecloud ${BLOCK_PATH}/packagecloud git@github.com:defn/packagecloud 990460d972b17e5759531cd63790fadca178e558 master
buildkite ${BLOCK_PATH}/buildkite git@github.com:defn/buildkite 31956ad19c74959cb116e8d6024dd560febc68dc master
sinopia ${BLOCK_PATH}/sinopia git@github.com:defn/sinopia 37a1d0e730bcd4efd445b5095d52e5150ddf3ae8 master
artifacts ${BLOCK_PATH}/artifacts git@github.com:defn/artifacts fe4b9b92a2503874568f9f4ad9ccd6eca081286f master
launch-config ${BLOCK_PATH}/launch-config git@github.com:defn/launch-config 782d3c9f2df47fa3efc734d9d78be096fe117069 master
maven ${BLOCK_PATH}/maven git@github.com:defn/maven b11401bd58b12e75d9bb19f25d153b2fbe312214 master
cljs ${BLOCK_PATH}/cljs git@github.com:defn/cljs e190ead00370d283a90249d713bce5babb191916 master
apt-mirror ${BLOCK_PATH}/apt-mirror git@github.com:defn/apt-mirror da07b204b2f19d77d52199ea2dbd103ca7d9e4d9 master
virtualbox ${BLOCK_PATH}/virtualbox git@github.com:defn/virtualbox d2a5fe5743f3f21bbebc6c29b8d7e2a9f13f531c master
docker-machine ${BLOCK_PATH}/docker-machine git@github.com:defn/docker-machine 3b619fed696a2bf1b45dc1f952d8314a8cf29bd0 master
docker-compose ${BLOCK_PATH}/docker-compose git@github.com:defn/docker-compose caad925229c21b5adb4e394faba3b26d013e623c master
docker ${BLOCK_PATH}/docker git@github.com:defn/docker 77f5ab58d3cb58a1cbd9ea96dec8561bba572c8a master
packer ${BLOCK_PATH}/packer git@github.com:defn/packer ef374acf13fb748f55b7c2f786af8af53e124f72 master
vagrant ${BLOCK_PATH}/vagrant git@github.com:defn/vagrant 6f5b8ab34580bfe54fc763cca1538238adb79c53 master
basebox ${BLOCK_PATH}/basebox git@github.com:defn/basebox 720be1b7bf6a94eea83ceca4b06f74839c8cf684 master
basebox-ubuntu ${BLOCK_PATH}/basebox-ubuntu git@github.com:defn/basebox-ubuntu cc2eb128b471bdc69d8df24c65edf2a9b23fcac1 master
basebox-osx ${BLOCK_PATH}/basebox-osx git@github.com:defn/basebox-osx 234d39e51380c25c21ed02b7058df093df1f63fc master
vagrant-shell ${BLOCK_PATH}/vagrant-shell git@github.com:defn/vagrant-shell 12cf58acdae98af30e328712d3d36d7f830f3b4f master
vagrant-limbo ${BLOCK_PATH}/vagrant-limbo git@github.com:defn/vagrant-limbo c8a09a4f0e9bac897a6c4909fb2fcab1e9b7e130 master
consul ${BLOCK_PATH}/consul git@github.com:defn/consul 625fdc7b8f360b407f06cb45f35f0e827ea8f51d master
vault ${BLOCK_PATH}/vault git@github.com:defn/vault fba338f400cef522c3dd19464189ddccd19b961c master
openvpn ${BLOCK_PATH}/openvpn git@github.com:defn/openvpn 20e481d04a4505773bfb0c9e0f5a3b5de81ba0d4 master
dnsmasq ${BLOCK_PATH}/dnsmasq git@github.com:defn/dnsmasq 77f711302bfd79f376350b01fa6ca9cf0cd2e6b0 master
linkerd ${BLOCK_PATH}/linkerd git@github.com:defn/linkerd f28a477ee22511148bf58f8c30ad507614745a8f master
limbo ${BLOCK_PATH}/limbo git@github.com:defn/limbo b2d57076b4474923da88d4d0fce40445a308c56a master
inception ${BLOCK_PATH}/inception git@github.com:defn/inception 436bcc2d98b36a72abf95be41700af70d10232a2 master
rbtools ${BLOCK_PATH}/rbtools git@github.com:defn/rbtools fea0f51b1729b31527c919f7b3193b222135462e master
leiningen ${BLOCK_PATH}/leiningen git@github.com:defn/leiningen 86b75b021c8ce4048ebbfa4430ec269425a9f97d master
poop ${BLOCK_PATH}/poop git@github.com:defn/poop f8b964a7b048a2b5460c6e0cd9a62897dcbf00da master
postgresql ${BLOCK_PATH}/postgresql git@github.com:defn/postgresql 8e9e38cbc435617df1a30665b9ab6d36099203f3 master
erlang ${BLOCK_PATH}/erlang git@github.com:defn/erlang 33469212b555880faa8bbb989f1cc1d1bb7948e3 master
elixir ${BLOCK_PATH}/elixir git@github.com:defn/elixir 734b7e68a6bb26e384eae537c39009b5f11e68a2 master
phoenix ${BLOCK_PATH}/phoenix git@github.com:defn/phoenix 6ef5c7156d1ef9220dee801eec8860c03cb6fb95 master
letsencrypt ${BLOCK_PATH}/letsencrypt git@github.com:defn/letsencrypt 8204f4a0c45ff9c9915bb58873012efed767cc31 master
lamda ${BLOCK_PATH}/lamda git@github.com:defn/lamda 9bef10542603efbd7ba2424c67647c1bf0300a38 master
hugo ${BLOCK_PATH}/hugo git@github.com:defn/hugo e26287cd44fef646253049efa64fd78bea290db6 master
it ${BLOCK_PATH}/it git@github.com:defn/it 7abbe9f425a46bee45d336a7d8af9c9b58b6ee99 gh-pages
defn.github.io ${BLOCK_PATH}/defn.github.io git@github.com:defn/defn.github.io c32db219a6ccb0d16e644a128ba5be3d1013924f master
scala ${BLOCK_PATH}/scala git@github.com:defn/scala ec7b8c40fe2963934114a89778f850cc14b7ed96 master
sbt ${BLOCK_PATH}/sbt git@github.com:defn/sbt 9e5afc8d587003247cfa488fc5269da9a17d8064 master
reviewboard ${BLOCK_PATH}/reviewboard git@github.com:defn/reviewboard 616991de623abf0b338c0ff47fac045997360356 master
isomorphic-clojurescript-reagent-node ${BLOCK_PATH}/isomorphic-clojurescript-reagent-node git@github.com:defn/isomorphic-clojurescript-reagent-node 6b253e6ae7015140965d0d2991dd21e2ed40a1ee master
rust ${BLOCK_PATH}/rust git@github.com:defn/rust 70a49cb344b1d0e6362163a4b99fab5a59675f4a master
rethinkdb ${BLOCK_PATH}/rethinkdb git@github.com:defn/rethinkdb e5eb0bc2f7aa892aaa802472d8e8d097a921e994 master
iamdefn/lightning ${BLOCK_PATH}/lightning git@github.com:iamdefn/lightning bbb2b509df9f2968ca90d938bae733a51dc0a27c master
iamdefn/black ${BLOCK_PATH}/black git@github.com:iamdefn/black 499e6ee83351e4cc5dd19e1879af3b4e93055afe master
iamdefn/fire ${BLOCK_PATH}/fire git@github.com:iamdefn/fire 53718ed3017846b7692c3f7ad98068764db594c0 master
iamdefn/red ${BLOCK_PATH}/red git@github.com:iamdefn/red 3a9e04b6ba8993c358bb7e210b7d1dd85016df68 master
iamdefn/air ${BLOCK_PATH}/air git@github.com:iamdefn/air 9d8896cb5e6f37044f14c307f53f8238318ca1c4 master
iamdefn/green ${BLOCK_PATH}/green git@github.com:iamdefn/green fe62db22113bca017e00fc9a06eb45499fd18133 master
iamdefn/water ${BLOCK_PATH}/water git@github.com:iamdefn/water 8727672683874ea5ac12bb96dc7885c78e1f0db4 master
iamdefn/blue ${BLOCK_PATH}/blue git@github.com:iamdefn/blue 7d8160d304546b00e3c4dd255e3f563df899ffb5 master
iamdefn/earth ${BLOCK_PATH}/earth git@github.com:iamdefn/earth fdf7f6ea986d5d42322b4f2fc47216f3a661148a master
iamdefn/yellow ${BLOCK_PATH}/yellow git@github.com:iamdefn/yellow 172cdc634810f5fb3c22768f9635d2242581d621 master
iamdefn/voltron ${BLOCK_PATH}/voltron git@github.com:iamdefn/voltron 3e5c6394e7cfccfbc4c94203e1fb40585a8e8cfc master
webterm ${BLOCK_PATH}/webterm git@github.com:defn/webterm f0d8abcadeae188948bf085d11ddb3ce13bb2722 master
terraform ${BLOCK_PATH}/terraform git@github.com:defn/terraform 83d520e043d42271ced78bc2a1791180f4c895be master
wtf ${BLOCK_PATH}/wtf git@github.com:defn/wtf 56a4ea809dbe9fbac09403cada3ecaeb9ab3504a master
fogg ${BLOCK_PATH}/fogg git@github.com:defn/fogg f0fc26d891ab7c08ffe7755cf6de5596adbf9e5c master
awesome ${BLOCK_PATH}/awesome git@github.com:defn/awesome 5513ab4ed915b547b53919bf83eab8918385555f master
lock ${BLOCK_PATH}/lock git@github.com:defn/lock 1f5868d41a1552b627660b7b06b2b53367f81cee master
rundeck ${BLOCK_PATH}/rundeck git@github.com:defn/rundeck 3d9b619acbbd3200de3a13c87f76f273c55bc6e5 master
module-aws-vpc ${BLOCK_PATH}/module-aws-vpc git@github.com:defn/module-aws-vpc 20afa57901ec3abf459f08823939bdc4aecd0bea master
module-aws-per_az ${BLOCK_PATH}/module-aws-per_az git@github.com:defn/module-aws-per_az 7519e4fadd80b5abe842c02e97ddbb7848f88088 master
module-aws-env ${BLOCK_PATH}/module-aws-env git@github.com:defn/module-aws-env ba16aad5a9ecbdda19c6e9b8e24ede9d4bee5d8f master
module-aws-service ${BLOCK_PATH}/module-aws-service git@github.com:defn/module-aws-service 60e4cc6c08bed5ccfd44808b3d103d20b44dda33 master
module-aws-app ${BLOCK_PATH}/module-aws-app git@github.com:defn/module-aws-app 1bba37fa17e9962db14d39488fcd8d0200adcc13 master
env-defn ${BLOCK_PATH}/env-defn git@github.com:defn/env-defn 77a11accc9978820092346c68da8f67ab043232e master
env-imma ${BLOCK_PATH}/env-imma git@github.com:defn/env-imma 05b7c972c03da3dd765c4ac039c4cd0d50898895 master
