defn-config ${BLOCK_PATH}/defn-config git@github.com:defn/defn-config 69a63c9ba242463508d3fced2525d19006b3cd8f master
pkgsrc ${BLOCK_PATH}/pkgsrc git@github.com:defn/pkgsrc ba97f9f5efa4f70464ef887823fa1738750e7e7d master
build-essential ${BLOCK_PATH}/build-essential git@github.com:defn/build-essential fdb5e7e338a652136b1f53c76c9a5ec41a6e239f master
cache ${BLOCK_PATH}/cache git@github.com:defn/cache 0e8571526f10c33d2dc07367ee978b591348ebbf master
curl ${BLOCK_PATH}/curl git@github.com:defn/curl 22f2493e53d15bac4aac2c079f00d1b270fe3224 master
python ${BLOCK_PATH}/python git@github.com:defn/python 5bb27c8f2df17a41ee7ace939d4bbbba9cba5644 master
nodeenv ${BLOCK_PATH}/nodeenv git@github.com:defn/nodeenv 29401e313bca9abf28a83e1dcf0174b95488bcd0 master
node ${BLOCK_PATH}/node git@github.com:defn/node 70ae3c41050eb45c7740b7401bd60369513c9720 master
ruby ${BLOCK_PATH}/ruby git@github.com:defn/ruby 38d415e22c96c111399c3d5d45dbe376ae006283 master
java ${BLOCK_PATH}/java git@github.com:defn/java 7222b5e9ab0b7e7a7513511b0790d8da89987443 master
bash4 ${BLOCK_PATH}/bash4 git@github.com:defn/bash4 00cb2c6e43902ccc4ff92ae6ee06e0f46ee14908 master
go ${BLOCK_PATH}/go git@github.com:defn/go 0880e70e5fa923692f65562b08c4ae4fe101d452 master
rust ${BLOCK_PATH}/rust git@github.com:defn/rust 72b9037892661a50d621d49710dc6a92b2ea6c32 master
erlang ${BLOCK_PATH}/erlang git@github.com:defn/erlang 694c3806f964ebe6ef864db04900d85107df25ad master
elixir ${BLOCK_PATH}/elixir git@github.com:defn/elixir 67f360ea72287eebd6cab38b23feea5cfa309429 master
defn-lang ${BLOCK_PATH}/defn-lang git@github.com:defn/defn-lang 367563caee665cd28768d409d3ba1f3436ff3311 master
block-home ${BLOCK_PATH}/block-home git@github.com:defn/block-home 3904d86c7f9aa9fbcc25f09215f547ac8bbd2eee master
pl-home ${BLOCK_PATH}/pl-home git@github.com:defn/pl-home 5fdfcb22db48ea064dd40f6fb0677e7243076e65 master
shflags ${BLOCK_PATH}/shflags git@github.com:defn/shflags 9927b78550ea96e541a6578fce50cf56048a46b4 master
normalize ${BLOCK_PATH}/normalize git@github.com:defn/normalize b156ba1ec79f2da218d463c9b86f4192bcbeab54 master
bash-preexec ${BLOCK_PATH}/bash-preexec git@github.com:defn/bash-preexec a875da52509f0925b9436bb626c2444713f6835d master
sub ${BLOCK_PATH}/sub git@github.com:defn/sub 062a65e087e86659f212da82f0311815a12244f1 master
runmany ${BLOCK_PATH}/runmany git@github.com:defn/runmany 83214538c0e90b1244cd8bfbb8c8d3aef7d11c19 master
block ${BLOCK_PATH}/block git@github.com:defn/block 68e942c5e3c725b7fce14e040d80b28b479193b9 master
bash-oo-framework ${BLOCK_PATH}/bash-oo-framework git@github.com:defn/bash-oo-framework 75447ff7fcb7c032bd5bf3754659b0a81c401873 master
homebrew ${BLOCK_PATH}/homebrew git@github.com:defn/homebrew 7dca75347f27df4ffcec95f97bf9fabca2979526 master
xcode ${BLOCK_PATH}/xcode git@github.com:defn/xcode cd456ae6d715f46ca723cad8258f1c1181c04a5c master
tunnelblick ${BLOCK_PATH}/tunnelblick git@github.com:defn/tunnelblick a608eabd73f247ecc3043608f82cc8602cd143bd master
htop ${BLOCK_PATH}/htop git@github.com:defn/htop 0fcb84c124426fe185b6aa0c392efac3c22b9c74 master
runit ${BLOCK_PATH}/runit git@github.com:defn/runit 8dd6434b906a89ffadff34d113350a1559b92c69 master
defn-osx ${BLOCK_PATH}/defn-osx git@github.com:defn/defn-osx 915660daa482d71a491deea8c486605888b46be5 master
junas ${BLOCK_PATH}/junas git@github.com:defn/junas f93e7b2618a5109bc8aa9833ae809979852e526e master
cue ${BLOCK_PATH}/cue git@github.com:defn/cue 4d914b6d73a07fbcba783109821ff75c93af5477 master
hugo ${BLOCK_PATH}/hugo git@github.com:defn/hugo 97136e459d2c342b9708db0f2da4dc4580ef9eec master
slate ${BLOCK_PATH}/slate git@github.com:defn/slate cb75c1876851abb74c4e09ff219a76c971c0986f master
docs ${BLOCK_PATH}/docs git@github.com:defn/docs cecaa005f199b27797d25372cca098c2cac8272e master
scripts-to-rule-them-all ${BLOCK_PATH}/scripts-to-rule-them-all git@github.com:defn/scripts-to-rule-them-all 8b8cc60620f27a1db42332ba83d39812387900df master
block-shortcuts ${BLOCK_PATH}/block-shortcuts git@github.com:defn/block-shortcuts f4326e23f70534ca36dc109c8c2fe03f9b0db96d master
board ${BLOCK_PATH}/board git@github.com:defn/board bde332e3907f5ed79a566839c46d98b7ccef6415 master
kit ${BLOCK_PATH}/kit git@github.com:defn/kit 46f70b970790bbf0bff28933fed98e6323831ecd master
talign ${BLOCK_PATH}/talign git@github.com:defn/talign 1db084ed06de0c10679e2384c8f88be047934909 master
defn ${BLOCK_PATH}/defn git@github.com:defn/defn 0126fe8a72158fd23d5f6dd4db1dcbc8c4d1f1f6 master
jq ${BLOCK_PATH}/jq git@github.com:defn/jq 7e81afc8b1e093964bc49f19cda1dc155a1fb377 master
ansible ${BLOCK_PATH}/ansible git@github.com:defn/ansible 2ecd72b9b4161d7bdebb439ae4f040635d4cbd8e master
aq ${BLOCK_PATH}/aq git@github.com:defn/aq e7a1c87d6cb030a139c6aa328e17840a667333d9 master
aqq ${BLOCK_PATH}/aqq git@github.com:defn/aqq 5fcbd9a9594684346c79d0f20099db59f157bd18 master
inventory ${BLOCK_PATH}/inventory git@github.com:defn/inventory 3d325d9c45b76bffca0eab7627741518c0d83415 master
deploy ${BLOCK_PATH}/deploy git@github.com:defn/deploy 1af5bbade8957c9efbafbb2849de9804752a8899 master
context ${BLOCK_PATH}/context git@github.com:defn/context 4e2703af38b8a6f518d9710f4b5c5cddea378395 master
git ${BLOCK_PATH}/git git@github.com:defn/git cd17b468fcd34101db0e7db28e77470079439cf6 master
github ${BLOCK_PATH}/github git@github.com:defn/github 7ee26bdcaea6e5a90be9b7fb674ab7439231588c master
facts ${BLOCK_PATH}/facts git@github.com:defn/facts 5a53640c7390b7ba31be96e46b4205ea14c10566 master
parity ${BLOCK_PATH}/parity git@github.com:defn/parity 932ae42c1975401fa8f2df8e1d9b77ce1ad90775 master
aws ${BLOCK_PATH}/aws git@github.com:defn/aws abff13fdebd4fe76afb4b2ac154eb84ca050023e master
azure ${BLOCK_PATH}/azure git@github.com:defn/azure 69061031ae06ea0f7c289d33e390597ce8421f68 master
gcp ${BLOCK_PATH}/gcp git@github.com:defn/gcp 9e19f9c5209271603e556fe8e16497f8ae0eb2f9 master
cloud ${BLOCK_PATH}/cloud git@github.com:defn/cloud 109d48ed60057a0117b8f9c440469b5f7ceca656 master
docker-compose ${BLOCK_PATH}/docker-compose git@github.com:defn/docker-compose 062eebdf51fd21d2cdcd8ae82b39eee1d4b486db master
docker ${BLOCK_PATH}/docker git@github.com:defn/docker db953f9cc8b7a48a9b386bed6464ed492f88f990 master
lxc ${BLOCK_PATH}/lxc git@github.com:defn/lxc df8ff1f56b6eb0840f790b282c90f8e860329b93 master
nexus ${BLOCK_PATH}/nexus git@github.com:defn/nexus 15cb45c9bbe817fd060a2c071ee87a11c450111c master
packer ${BLOCK_PATH}/packer git@github.com:defn/packer 046f0035fffa62bf5401433fea6e950353538d99 master
provision ${BLOCK_PATH}/provision git@github.com:defn/provision 04b72317ec5acc9ef488018bd3c5b1e2aefbbd8b master
dream ${BLOCK_PATH}/dream git@github.com:defn/dream 00714969f0c510684319885c9521a969a83bcb4f master
squid ${BLOCK_PATH}/squid git@github.com:defn/squid fe74cba37fc91fe3678e3fc10e6bffe59ab9e910 master
aptly ${BLOCK_PATH}/aptly git@github.com:defn/aptly fefa8846a316ec493fff2a9484e2ad9f663e8ebf master
jenkins ${BLOCK_PATH}/jenkins git@github.com:defn/jenkins e3451f24af7a231ed43eb37828eee14bfa57571d master
artifacts ${BLOCK_PATH}/artifacts git@github.com:defn/artifacts 81b0a7a77500e08532d977508747237004ca0c33 master
launch-config ${BLOCK_PATH}/launch-config git@github.com:defn/launch-config 7982b6a216c9745db348e4aff3efe72b2da23949 master
service ${BLOCK_PATH}/service git@github.com:defn/service e0fa370ea742eb7b5d44a7b5f1724ada24f32db4 master
vagrant ${BLOCK_PATH}/vagrant git@github.com:defn/vagrant 5b06b6368ba44ace83aa902f34d4e92b228df4c1 master
limbo ${BLOCK_PATH}/limbo git@github.com:defn/limbo bb1b34f25bef9bdd97a55f624f7a6dd8a0dbfc12 master
inception ${BLOCK_PATH}/inception git@github.com:defn/inception c40db07771f80cd3e84547b26c11751ec740ae4b master
poop ${BLOCK_PATH}/poop git@github.com:defn/poop e67e05c5ebd6b88daaf9bbc8ed24c80819a78aab master
lamda ${BLOCK_PATH}/lamda git@github.com:defn/lamda b1c6b48ea6e9bb4f6eb13afc4b133e35828047c2 master
it ${BLOCK_PATH}/it git@github.com:defn/it 3caa8665fa09d618eca2bd277929e9850479036c gh-pages
defn.github.io ${BLOCK_PATH}/defn.github.io git@github.com:defn/defn.github.io 99cd998d72f681fe2aee047d9d287929762159d7 master
leiningen ${BLOCK_PATH}/leiningen git@github.com:defn/leiningen dccbc45525e5a002e112658b54211a79595bbecc master
maven ${BLOCK_PATH}/maven git@github.com:defn/maven b14fdd1d57b691aa6c23a5df70d98667af55a1e1 master
cljs ${BLOCK_PATH}/cljs git@github.com:defn/cljs bc2d4b09fb3bfaeedc70b36721361aa5fe76b704 master
isomorphic-clojurescript-reagent-node ${BLOCK_PATH}/isomorphic-clojurescript-reagent-node git@github.com:defn/isomorphic-clojurescript-reagent-node edbae9a3fc7a2b7ae754bfac3a3efc3bd81beb68 master
iamdefn/lightning ${BLOCK_PATH}/lightning git@github.com:iamdefn/lightning e6c86d1f5f3dbb6b4b7dc4020977c91ad7f6d30c master
iamdefn/black ${BLOCK_PATH}/black git@github.com:iamdefn/black a6fda79338c5999739625879359888ef9fc8ccb6 master
iamdefn/fire ${BLOCK_PATH}/fire git@github.com:iamdefn/fire ffcdda92d457be1cc403d2b22f2081c6b6c6ad15 master
iamdefn/red ${BLOCK_PATH}/red git@github.com:iamdefn/red 635d6e6d0173128c61a83cdfd8fc68d6277ecdd7 master
iamdefn/air ${BLOCK_PATH}/air git@github.com:iamdefn/air f32c54cb922fba3161d30b7d109ff274ccf8d898 master
iamdefn/green ${BLOCK_PATH}/green git@github.com:iamdefn/green 12c959aabf06509f4cd87f835380c85dfc524a9c master
iamdefn/water ${BLOCK_PATH}/water git@github.com:iamdefn/water 5291f0f819d260f69382c2f308802f167e0c7267 master
iamdefn/blue ${BLOCK_PATH}/blue git@github.com:iamdefn/blue 89568ed2606e77d285545b43fbf3399eddc89954 master
iamdefn/earth ${BLOCK_PATH}/earth git@github.com:iamdefn/earth 93e90800af8ba9e93d7e2a316bfe39aabc23ff34 master
iamdefn/yellow ${BLOCK_PATH}/yellow git@github.com:iamdefn/yellow 9951f4b4c6262e420696d22c190f6115df557b32 master
iamdefn/voltron ${BLOCK_PATH}/voltron git@github.com:iamdefn/voltron 9044b07d70c207fa75f3c6bd77277734b7023d63 master
t ${BLOCK_PATH}/t git@github.com:defn/t 360827c92889c6b6c029674810a92edd5c279ec5 master
irssi ${BLOCK_PATH}/irssi git@github.com:defn/irssi dae57519dc639f1f83e8eb94686814357f082ec5 master
git-crypt ${BLOCK_PATH}/git-crypt git@github.com:defn/git-crypt 97c682f181ce17677bd92bde37884e86f74f1415 master
gpg ${BLOCK_PATH}/gpg git@github.com:defn/gpg 353af726778bc7c5d1e1a2920b5dc84eecbcb8b3 master
ssh-agent ${BLOCK_PATH}/ssh-agent git@github.com:defn/ssh-agent 88798c4ad32b3f1621ae5af4af2df6326ffd183b master
letsencrypt ${BLOCK_PATH}/letsencrypt git@github.com:defn/letsencrypt 1e64e562dcc9576d84c70c7d8e7898403db98023 master
lock ${BLOCK_PATH}/lock git@github.com:defn/lock 64c2308abdf4dd7d3f2554408ad9a713052a6857 master
security ${BLOCK_PATH}/security git@github.com:defn/security ac4ce3869857b91e3d56fc8ec7cc9c514f7ac8af master
inspect ${BLOCK_PATH}/inspect git@github.com:defn/inspect 2a1a2841868b8374a5f67123d2ed39c5458d756d master
console ${BLOCK_PATH}/console git@github.com:defn/console d0190555e8aca40f35b6f0126438ccf9c5d2cf2e master
awesome ${BLOCK_PATH}/awesome git@github.com:defn/awesome cf9a1b451947058d2cd66e7dbdeaac1a95eca373 master
terraform ${BLOCK_PATH}/terraform git@github.com:defn/terraform 9d155fff34dbe7fdd08d5ddc34811f2c55302e31 master
imma ${BLOCK_PATH}/imma git@github.com:defn/imma 0e91741eb65faae78632a7301f72dac1fa195d7c master
consul ${BLOCK_PATH}/consul git@github.com:defn/consul 521a0b4a72314f1cc94cef28de5fcad787350b07 master
vault ${BLOCK_PATH}/vault git@github.com:defn/vault 9017a516375eedde6815c8368077f107c0974ab5 master
openvpn ${BLOCK_PATH}/openvpn git@github.com:defn/openvpn cc486eab7e1efec99b290f2809090b41281576b4 master
dnsmasq ${BLOCK_PATH}/dnsmasq git@github.com:defn/dnsmasq a6cae942f2e9b5db01e0feccb7b812437e1ca2d9 master
linkerd ${BLOCK_PATH}/linkerd git@github.com:defn/linkerd a1af1f8280a59125900b003954d95e78a67fcaf5 master
virtualbox ${BLOCK_PATH}/virtualbox git@github.com:defn/virtualbox dc0675908b0d78131818f20bd5d699371a462bf1 master
postgresql ${BLOCK_PATH}/postgresql git@github.com:defn/postgresql 0f4a6777360dd0322b04b6029bb5cbe6520b6fac master
phoenix ${BLOCK_PATH}/phoenix git@github.com:defn/phoenix c950e6e6a6cd7112d1348af2e01274b7b31625ed master
rethinkdb ${BLOCK_PATH}/rethinkdb git@github.com:defn/rethinkdb a2e6b23c2d34a261ae7edb034a58556364290808 master
rundeck ${BLOCK_PATH}/rundeck git@github.com:defn/rundeck e72c252821e9e50b5449a4bd6feb9f3cd86cccdb master
